// !$*UTF8*$!
{
	archiveVersion = 1;
	classes = {
	};
	objectVersion = 46;
	objects = {

/* Begin PBXBuildFile section */
		6C70993A1EC81BFB0096527C /* main.m in Sources */ = {isa = PBXBuildFile; fileRef = 6C7099391EC81BFB0096527C /* main.m */; };
		6C70993D1EC81BFB0096527C /* AppDelegate.m in Sources */ = {isa = PBXBuildFile; fileRef = 6C70993C1EC81BFB0096527C /* AppDelegate.m */; };
		6C7099431EC81BFB0096527C /* Main.storyboard in Resources */ = {isa = PBXBuildFile; fileRef = 6C7099411EC81BFB0096527C /* Main.storyboard */; };
		6C7099451EC81BFB0096527C /* Assets.xcassets in Resources */ = {isa = PBXBuildFile; fileRef = 6C7099441EC81BFB0096527C /* Assets.xcassets */; };
		6C7099481EC81BFB0096527C /* LaunchScreen.storyboard in Resources */ = {isa = PBXBuildFile; fileRef = 6C7099461EC81BFB0096527C /* LaunchScreen.storyboard */; };
		6CA7D16B1EC8837C002B7777 /* INViewController.m in Sources */ = {isa = PBXBuildFile; fileRef = 6CA7D16A1EC8837C002B7777 /* INViewController.m */; };
/* End PBXBuildFile section */

/* Begin PBXFileReference section */
		6C7099351EC81BFB0096527C /* ImitateNeiHan.app */ = {isa = PBXFileReference; explicitFileType = wrapper.application; includeInIndex = 0; path = ImitateNeiHan.app; sourceTree = BUILT_PRODUCTS_DIR; };
		6C7099391EC81BFB0096527C /* main.m */ = {isa = PBXFileReference; lastKnownFileType = sourcecode.c.objc; path = main.m; sourceTree = "<group>"; };
		6C70993B1EC81BFB0096527C /* AppDelegate.h */ = {isa = PBXFileReference; lastKnownFileType = sourcecode.c.h; path = AppDelegate.h; sourceTree = "<group>"; };
		6C70993C1EC81BFB0096527C /* AppDelegate.m */ = {isa = PBXFileReference; lastKnownFileType = sourcecode.c.objc; path = AppDelegate.m; sourceTree = "<group>"; };
		6C7099421EC81BFB0096527C /* Base */ = {isa = PBXFileReference; lastKnownFileType = file.storyboard; name = Base; path = Base.lproj/Main.storyboard; sourceTree = "<group>"; };
		6C7099441EC81BFB0096527C /* Assets.xcassets */ = {isa = PBXFileReference; lastKnownFileType = folder.assetcatalog; path = Assets.xcassets; sourceTree = "<group>"; };
		6C7099471EC81BFB0096527C /* Base */ = {isa = PBXFileReference; lastKnownFileType = file.storyboard; name = Base; path = Base.lproj/LaunchScreen.storyboard; sourceTree = "<group>"; };
		6C7099491EC81BFB0096527C /* Info.plist */ = {isa = PBXFileReference; lastKnownFileType = text.plist.xml; path = Info.plist; sourceTree = "<group>"; };
		6CA7D1691EC8837C002B7777 /* INViewController.h */ = {isa = PBXFileReference; fileEncoding = 4; lastKnownFileType = sourcecode.c.h; path = INViewController.h; sourceTree = "<group>"; };
		6CA7D16A1EC8837C002B7777 /* INViewController.m */ = {isa = PBXFileReference; fileEncoding = 4; lastKnownFileType = sourcecode.c.objc; path = INViewController.m; sourceTree = "<group>"; };
/* End PBXFileReference section */

/* Begin PBXFrameworksBuildPhase section */
		6C7099321EC81BFB0096527C /* Frameworks */ = {
			isa = PBXFrameworksBuildPhase;
			buildActionMask = 2147483647;
			files = (
			);
			runOnlyForDeploymentPostprocessing = 0;
		};
/* End PBXFrameworksBuildPhase section */

/* Begin PBXGroup section */
		6C70992C1EC81BFB0096527C = {
			isa = PBXGroup;
			children = (
				6C7099371EC81BFB0096527C /* ImitateNeiHan */,
				6C7099361EC81BFB0096527C /* Products */,
			);
			sourceTree = "<group>";
		};
		6C7099361EC81BFB0096527C /* Products */ = {
			isa = PBXGroup;
			children = (
				6C7099351EC81BFB0096527C /* ImitateNeiHan.app */,
			);
			name = Products;
			sourceTree = "<group>";
		};
		6C7099371EC81BFB0096527C /* ImitateNeiHan */ = {
			isa = PBXGroup;
			children = (
				6C70993B1EC81BFB0096527C /* AppDelegate.h */,
				6C70993C1EC81BFB0096527C /* AppDelegate.m */,
				6CA7D1691EC8837C002B7777 /* INViewController.h */,
				6CA7D16A1EC8837C002B7777 /* INViewController.m */,
				6C7099411EC81BFB0096527C /* Main.storyboard */,
				6C7099441EC81BFB0096527C /* Assets.xcassets */,
				6C7099461EC81BFB0096527C /* LaunchScreen.storyboard */,
				6C7099491EC81BFB0096527C /* Info.plist */,
				6C7099381EC81BFB0096527C /* Supporting Files */,
			);
			path = ImitateNeiHan;
			sourceTree = "<group>";
		};
		6C7099381EC81BFB0096527C /* Supporting Files */ = {
			isa = PBXGroup;
			children = (
				6C7099391EC81BFB0096527C /* main.m */,
			);
			name = "Supporting Files";
			sourceTree = "<group>";
		};
/* End PBXGroup section */

/* Begin PBXNativeTarget section */
		6C7099341EC81BFB0096527C /* ImitateNeiHan */ = {
			isa = PBXNativeTarget;
			buildConfigurationList = 6C70994C1EC81BFB0096527C /* Build configuration list for PBXNativeTarget "ImitateNeiHan" */;
			buildPhases = (
				6C7099311EC81BFB0096527C /* Sources */,
				6C7099321EC81BFB0096527C /* Frameworks */,
				6C7099331EC81BFB0096527C /* Resources */,
			);
			buildRules = (
			);
			dependencies = (
			);
			name = ImitateNeiHan;
			productName = ImitateNeiHan;
			productReference = 6C7099351EC81BFB0096527C /* ImitateNeiHan.app */;
			productType = "com.apple.product-type.application";
		};
/* End PBXNativeTarget section */

/* Begin PBXProject section */
		6C70992D1EC81BFB0096527C /* Project object */ = {
			isa = PBXProject;
			attributes = {
				LastUpgradeCheck = 0820;
				ORGANIZATIONNAME = LearnLibrary;
				TargetAttributes = {
					6C7099341EC81BFB0096527C = {
						CreatedOnToolsVersion = 8.2.1;
						DevelopmentTeam = 2RL3CXQHSC;
						ProvisioningStyle = Automatic;
					};
				};
			};
			buildConfigurationList = 6C7099301EC81BFB0096527C /* Build configuration list for PBXProject "ImitateNeiHan" */;
			compatibilityVersion = "Xcode 3.2";
			developmentRegion = English;
			hasScannedForEncodings = 0;
			knownRegions = (
				en,
				Base,
			);
			mainGroup = 6C70992C1EC81BFB0096527C;
			productRefGroup = 6C7099361EC81BFB0096527C /* Products */;
			projectDirPath = "";
			projectRoot = "";
			targets = (
				6C7099341EC81BFB0096527C /* ImitateNeiHan */,
			);
		};
/* End PBXProject section */

/* Begin PBXResourcesBuildPhase section */
		6C7099331EC81BFB0096527C /* Resources */ = {
			isa = PBXResourcesBuildPhase;
			buildActionMask = 2147483647;
			files = (
				6C7099481EC81BFB0096527C /* LaunchScreen.storyboard in Resources */,
				6C7099451EC81BFB0096527C /* Assets.xcassets in Resources */,
				6C7099431EC81BFB0096527C /* Main.storyboard in Resources */,
			);
			runOnlyForDeploymentPostprocessing = 0;
		};
/* End PBXResourcesBuildPhase section */

/* Begin PBXSourcesBuildPhase section */
		6C7099311EC81BFB0096527C /* Sources */ = {
			isa = PBXSourcesBuildPhase;
			buildActionMask = 2147483647;
			files = (
				6C70993D1EC81BFB0096527C /* AppDelegate.m in Sources */,
				6C70993A1EC81BFB0096527C /* main.m in Sources */,
				6CA7D16B1EC8837C002B7777 /* INViewController.m in Sources */,
			);
			runOnlyForDeploymentPostprocessing = 0;
		};
/* End PBXSourcesBuildPhase section */

/* Begin PBXVariantGroup section */
		6C7099411EC81BFB0096527C /* Main.storyboard */ = {
			isa = PBXVariantGroup;
			children = (
				6C7099421EC81BFB0096527C /* Base */,
			);
			name = Main.storyboard;
			sourceTree = "<group>";
		};
		6C7099461EC81BFB0096527C /* LaunchScreen.storyboard */ = {
			isa = PBXVariantGroup;
			children = (
				6C7099471EC81BFB0096527C /* Base */,
			);
			name = LaunchScreen.storyboard;
			sourceTree = "<group>";
		};
/* End PBXVariantGroup section */

/* Begin XCBuildConfiguration section */
		6C70994A1EC81BFB0096527C /* Debug */ = {
			isa = XCBuildConfiguration;
			buildSettings = {
				ALWAYS_SEARCH_USER_PATHS = NO;
				CLANG_ANALYZER_NONNULL = YES;
				CLANG_CXX_LANGUAGE_STANDARD = "gnu++0x";
				CLANG_CXX_LIBRARY = "libc++";
				CLANG_ENABLE_MODULES = YES;
				CLANG_ENABLE_OBJC_ARC = YES;
				CLANG_WARN_BOOL_CONVERSION = YES;
				CLANG_WARN_CONSTANT_CONVERSION = YES;
				CLANG_WARN_DIRECT_OBJC_ISA_USAGE = YES_ERROR;
				CLANG_WARN_DOCUMENTATION_COMMENTS = YES;
				CLANG_WARN_EMPTY_BODY = YES;
				CLANG_WARN_ENUM_CONVERSION = YES;
				CLANG_WARN_INFINITE_RECURSION = YES;
				CLANG_WARN_INT_CONVERSION = YES;
				CLANG_WARN_OBJC_ROOT_CLASS = YES_ERROR;
				CLANG_WARN_SUSPICIOUS_MOVE = YES;
				CLANG_WARN_UNREACHABLE_CODE = YES;
				CLANG_WARN__DUPLICATE_METHOD_MATCH = YES;
				"CODE_SIGN_IDENTITY[sdk=iphoneos*]" = "iPhone Developer";
				COPY_PHASE_STRIP = NO;
				DEBUG_INFORMATION_FORMAT = dwarf;
				ENABLE_STRICT_OBJC_MSGSEND = YES;
				ENABLE_TESTABILITY = YES;
				GCC_C_LANGUAGE_STANDARD = gnu99;
				GCC_DYNAMIC_NO_PIC = NO;
				GCC_NO_COMMON_BLOCKS = YES;
				GCC_OPTIMIZATION_LEVEL = 0;
				GCC_PREPROCESSOR_DEFINITIONS = (
					"DEBUG=1",
					"$(inherited)",
				);
				GCC_WARN_64_TO_32_BIT_CONVERSION = YES;
				GCC_WARN_ABOUT_RETURN_TYPE = YES_ERROR;
				GCC_WARN_UNDECLARED_SELECTOR = YES;
				GCC_WARN_UNINITIALIZED_AUTOS = YES_AGGRESSIVE;
				GCC_WARN_UNUSED_FUNCTION = YES;
				GCC_WARN_UNUSED_VARIABLE = YES;
				IPHONEOS_DEPLOYMENT_TARGET = 10.2;
				MTL_ENABLE_DEBUG_INFO = YES;
				ONLY_ACTIVE_ARCH = YES;
				SDKROOT = iphoneos;
			};
			name = Debug;
		};
		6C70994B1EC81BFB0096527C /* Release */ = {
			isa = XCBuildConfiguration;
			buildSettings = {
				ALWAYS_SEARCH_USER_PATHS = NO;
				CLANG_ANALYZER_NONNULL = YES;
				CLANG_CXX_LANGUAGE_STANDARD = "gnu++0x";
				CLANG_CXX_LIBRARY = "libc++";
				CLANG_ENABLE_MODULES = YES;
				CLANG_ENABLE_OBJC_ARC = YES;
				CLANG_WARN_BOOL_CONVERSION = YES;
				CLANG_WARN_CONSTANT_CONVERSION = YES;
				CLANG_WARN_DIRECT_OBJC_ISA_USAGE = YES_ERROR;
				CLANG_WARN_DOCUMENTATION_COMMENTS = YES;
				CLANG_WARN_EMPTY_BODY = YES;
				CLANG_WARN_ENUM_CONVERSION = YES;
				CLANG_WARN_INFINITE_RECURSION = YES;
				CLANG_WARN_INT_CONVERSION = YES;
				CLANG_WARN_OBJC_ROOT_CLASS = YES_ERROR;
				CLANG_WARN_SUSPICIOUS_MOVE = YES;
				CLANG_WARN_UNREACHABLE_CODE = YES;
				CLANG_WARN__DUPLICATE_METHOD_MATCH = YES;
				"CODE_SIGN_IDENTITY[sdk=iphoneos*]" = "iPhone Developer";
				COPY_PHASE_STRIP = NO;
				DEBUG_INFORMATION_FORMAT = "dwarf-with-dsym";
				ENABLE_NS_ASSERTIONS = NO;
				ENABLE_STRICT_OBJC_MSGSEND = YES;
				GCC_C_LANGUAGE_STANDARD = gnu99;
				GCC_NO_COMMON_BLOCKS = YES;
				GCC_WARN_64_TO_32_BIT_CONVERSION = YES;
				GCC_WARN_ABOUT_RETURN_TYPE = YES_ERROR;
				GCC_WARN_UNDECLARED_SELECTOR = YES;
				GCC_WARN_UNINITIALIZED_AUTOS = YES_AGGRESSIVE;
				GCC_WARN_UNUSED_FUNCTION = YES;
				GCC_WARN_UNUSED_VARIABLE = YES;
				IPHONEOS_DEPLOYMENT_TARGET = 10.2;
				MTL_ENABLE_DEBUG_INFO = NO;
				SDKROOT = iphoneos;
				VALIDATE_PRODUCT = YES;
			};
			name = Release;
		};
		6C70994D1EC81BFB0096527C /* Debug */ = {
			isa = XCBuildConfiguration;
			buildSettings = {
				ASSETCATALOG_COMPILER_APPICON_NAME = AppIcon;
				DEVELOPMENT_TEAM = 2RL3CXQHSC;
				INFOPLIST_FILE = ImitateNeiHan/Info.plist;
				LD_RUNPATH_SEARCH_PATHS = "$(inherited) @executable_path/Frameworks";
				PRODUCT_BUNDLE_IDENTIFIER = github.com.LearnLibrary.ImitateNeiHan;
				PRODUCT_NAME = "$(TARGET_NAME)";
			};
			name = Debug;
		};
		6C70994E1EC81BFB0096527C /* Release */ = {
			isa = XCBuildConfiguration;
			buildSettings = {
				ASSETCATALOG_COMPILER_APPICON_NAME = AppIcon;
				DEVELOPMENT_TEAM = 2RL3CXQHSC;
				INFOPLIST_FILE = ImitateNeiHan/Info.plist;
				LD_RUNPATH_SEARCH_PATHS = "$(inherited) @executable_path/Frameworks";
				PRODUCT_BUNDLE_IDENTIFIER = github.com.LearnLibrary.ImitateNeiHan;
				PRODUCT_NAME = "$(TARGET_NAME)";
			};
			name = Release;
		};
/* End XCBuildConfiguration section */

/* Begin XCConfigurationList section */
		6C7099301EC81BFB0096527C /* Build configuration list for PBXProject "ImitateNeiHan" */ = {
			isa = XCConfigurationList;
			buildConfigurations = (
				6C70994A1EC81BFB0096527C /* Debug */,
				6C70994B1EC81BFB0096527C /* Release */,
			);
			defaultConfigurationIsVisible = 0;
			defaultConfigurationName = Release;
		};
		6C70994C1EC81BFB0096527C /* Build configuration list for PBXNativeTarget "ImitateNeiHan" */ = {
			isa = XCConfigurationList;
			buildConfigurations = (
				6C70994D1EC81BFB0096527C /* Debug */,
				6C70994E1EC81BFB0096527C /* Release */,
			);
			defaultConfigurationIsVisible = 0;
			defaultConfigurationName = Release;
		};
/* End XCConfigurationList section */
	};
	rootObject = 6C70992D1EC81BFB0096527C /* Project object */;
}
